
Microsoft Visual Studio Solution File, Format Version 12.00
# Visual Studio 14
VisualStudioVersion = 14.0.25420.1
MinimumVisualStudioVersion = 10.0.40219.1
Project("{2150E333-8FDC-42A3-9474-1A3956D46DE8}") = "src", "src", "{35B4443D-21D7-4002-B4D3-B7515C4FC590}"
EndProject
Project("{2150E333-8FDC-42A3-9474-1A3956D46DE8}") = "Solution Items", "Solution Items", "{6E3DF521-176F-4111-94F9-6E79FF492E14}"
	ProjectSection(SolutionItems) = preProject
		.gitattributes = .gitattributes
		.gitignore = .gitignore
		Dockerfile = Dockerfile
		global.json = global.json
	EndProjectSection
EndProject
Project("{8BB2217D-0F2D-49D1-97BC-3654ED321F3B}") = "GogsBoard", "src\GogsBoard\GogsBoard.xproj", "{4621AD25-E0CF-4766-97B9-DEF38E48D983}"
EndProject
Global
	GlobalSection(SolutionConfigurationPlatforms) = preSolution
		Debug|Any CPU = Debug|Any CPU
		Release|Any CPU = Release|Any CPU
	EndGlobalSection
	GlobalSection(ProjectConfigurationPlatforms) = postSolution
		{4621AD25-E0CF-4766-97B9-DEF38E48D983}.Debug|Any CPU.ActiveCfg = Debug|Any CPU
		{4621AD25-E0CF-4766-97B9-DEF38E48D983}.Debug|Any CPU.Build.0 = Debug|Any CPU
		{4621AD25-E0CF-4766-97B9-DEF38E48D983}.Release|Any CPU.ActiveCfg = Release|Any CPU
		{4621AD25-E0CF-4766-97B9-DEF38E48D983}.Release|Any CPU.Build.0 = Release|Any CPU
	EndGlobalSection
	GlobalSection(SolutionProperties) = preSolution
		HideSolutionNode = FALSE
	EndGlobalSection
	GlobalSection(NestedProjects) = preSolution
		{4621AD25-E0CF-4766-97B9-DEF38E48D983} = {35B4443D-21D7-4002-B4D3-B7515C4FC590}
	EndGlobalSection
EndGlobal
